
Microsoft Visual Studio Solution File, Format Version 12.00
# Visual Studio 15
VisualStudioVersion = 15.0.27004.2005
MinimumVisualStudioVersion = 10.0.40219.1
Project("{FAE04EC0-301F-11D3-BF4B-00C04F79EFBC}") = "Crossmodal Interface", "Crossmodal Interface\Crossmodal Interface.csproj", "{E4A796C8-348E-4B09-8F9A-07F9AED9CFF2}"
EndProject
Global
	GlobalSection(SolutionConfigurationPlatforms) = preSolution
		Debug|Any CPU = Debug|Any CPU
		Release|Any CPU = Release|Any CPU
	EndGlobalSection
	GlobalSection(ProjectConfigurationPlatforms) = postSolution
		{E4A796C8-348E-4B09-8F9A-07F9AED9CFF2}.Debug|Any CPU.ActiveCfg = Debug|Any CPU
		{E4A796C8-348E-4B09-8F9A-07F9AED9CFF2}.Debug|Any CPU.Build.0 = Debug|Any CPU
		{E4A796C8-348E-4B09-8F9A-07F9AED9CFF2}.Release|Any CPU.ActiveCfg = Release|Any CPU
		{E4A796C8-348E-4B09-8F9A-07F9AED9CFF2}.Release|Any CPU.Build.0 = Release|Any CPU
	EndGlobalSection
	GlobalSection(SolutionProperties) = preSolution
		HideSolutionNode = FALSE
	EndGlobalSection
	GlobalSection(ExtensibilityGlobals) = postSolution
		SolutionGuid = {0AC4F53B-5E19-424A-944B-A6198CC4614F}
	EndGlobalSection
EndGlobal
